uuid: 32d40603-5f64-49bd-8fc0-01f04872f914
langcode: en
status: true
dependencies:
  config:
    - block_content.type.container_block
  module:
    - content_translation
third_party_settings:
  content_translation:
    enabled: true
    bundle_settings:
      untranslatable_fields_hide: '1'
id: block_content.container_block
target_entity_type_id: block_content
target_bundle: container_block
default_langcode: site_default
language_alterable: true
