uuid: 1ec701e0-0b34-4c3a-9b78-24e46ac48745
langcode: en
status: true
dependencies:
  content:
    - 'block_content:content_block:ec736d8f-04fe-445d-8d1c-2493c037db49'
  module:
    - block_content
    - system
  theme:
    - lesvillagesbyca
id: accueilpremierdispositifblock
theme: lesvillagesbyca
region: content
weight: -22
provider: null
plugin: 'block_content:ec736d8f-04fe-445d-8d1c-2493c037db49'
settings:
  id: 'block_content:ec736d8f-04fe-445d-8d1c-2493c037db49'
  label: accueil-premier-dispositif-block
  provider: block_content
  label_display: '0'
  status: true
  info: ''
  view_mode: full
visibility:
  request_path:
    id: request_path
    pages: '<front>'
    negate: false
    context_mapping: {  }
